<?xml version="1.0" encoding="utf-8"?>
<Project ToolsVersion="4.0" xmlns="http://schemas.microsoft.com/developer/msbuild/2003">
  <ItemGroup>
    <Filter Include="소스 파일">
      <UniqueIdentifier>{4FC737F1-C7A5-4376-A066-2A32D752A2FF}</UniqueIdentifier>
      <Extensions>cpp;c;cc;cxx;c++;cppm;ixx;def;odl;idl;hpj;bat;asm;asmx</Extensions>
    </Filter>
    <Filter Include="헤더 파일">
      <UniqueIdentifier>{93995380-89BD-4b04-88EB-625FBE52EBFB}</UniqueIdentifier>
      <Extensions>h;hh;hpp;hxx;h++;hm;inl;inc;ipp;xsd</Extensions>
    </Filter>
    <Filter Include="리소스 파일">
      <UniqueIdentifier>{67DA6AB6-F800-4c08-8B7A-83BB121AAD01}</UniqueIdentifier>
      <Extensions>rc;ico;cur;bmp;dlg;rc2;rct;bin;rgs;gif;jpg;jpeg;jpe;resx;tiff;tif;png;wav;mfcribbon-ms</Extensions>
    </Filter>
    <Filter Include="01. GameManager">
      <UniqueIdentifier>{8682c28b-7ff8-4251-a475-21f0f4b2d3b4}</UniqueIdentifier>
    </Filter>
    <Filter Include="01. GameManager\01. Timer">
      <UniqueIdentifier>{f613e794-53b4-4edf-b8ea-b0c1dfc91007}</UniqueIdentifier>
    </Filter>
    <Filter Include="01. GameManager\02. Ref">
      <UniqueIdentifier>{0bd7de49-7ac0-4936-9dfa-ae32fcb3f4c3}</UniqueIdentifier>
    </Filter>
    <Filter Include="01. GameManager\03. Math">
      <UniqueIdentifier>{8754f5f7-01b9-4443-b3b0-29c0b05ebc2a}</UniqueIdentifier>
    </Filter>
    <Filter Include="01. GameManager\04. Input">
      <UniqueIdentifier>{a2c1dbff-c608-4232-8209-8a048459b3ad}</UniqueIdentifier>
    </Filter>
    <Filter Include="01. GameManager\05. SharedPtr">
      <UniqueIdentifier>{11be938a-66e0-4167-bd9d-b8687bb52ff5}</UniqueIdentifier>
    </Filter>
    <Filter Include="01. GameManager\06. Path">
      <UniqueIdentifier>{c9ddda8f-28d9-4d8f-b5e6-552137d6d1cb}</UniqueIdentifier>
    </Filter>
    <Filter Include="02. Scene">
      <UniqueIdentifier>{d7c31c84-fa8e-46d2-b002-f574ded6b750}</UniqueIdentifier>
    </Filter>
    <Filter Include="02. Scene\01. Resource">
      <UniqueIdentifier>{8fd823cd-50d9-42e4-b343-b6c678b108b4}</UniqueIdentifier>
    </Filter>
    <Filter Include="02. Scene\02. Collision">
      <UniqueIdentifier>{b569bebe-b7d1-4f9e-816e-c76db1c7f181}</UniqueIdentifier>
    </Filter>
    <Filter Include="02. Scene\03. Camera">
      <UniqueIdentifier>{3cb27b42-aed1-41ab-b84c-d07285b2b543}</UniqueIdentifier>
    </Filter>
    <Filter Include="03. Object">
      <UniqueIdentifier>{d1a3dc84-6591-414d-808e-6d6c9bd9a47e}</UniqueIdentifier>
    </Filter>
    <Filter Include="03. Object\01. Character">
      <UniqueIdentifier>{733e45d0-c35b-40f4-8da3-bd5d9b63abe8}</UniqueIdentifier>
    </Filter>
    <Filter Include="04. Resource">
      <UniqueIdentifier>{ea7e9fe1-5278-47c9-93f7-e662ec9de415}</UniqueIdentifier>
    </Filter>
    <Filter Include="04. Resource\01. Texture">
      <UniqueIdentifier>{b8ea1cbf-ef34-48ec-a7f2-0e802aa24dbc}</UniqueIdentifier>
    </Filter>
    <Filter Include="04. Resource\02. Animation">
      <UniqueIdentifier>{79c9f21c-2c3d-430b-b7dc-f09f1313f949}</UniqueIdentifier>
    </Filter>
    <Filter Include="04. Resource\03. Sound">
      <UniqueIdentifier>{f166385f-1834-469f-9949-2da34ab05458}</UniqueIdentifier>
    </Filter>
    <Filter Include="04. Resource\04. Font">
      <UniqueIdentifier>{8d482f43-7653-4e11-a42b-6e097566915a}</UniqueIdentifier>
    </Filter>
    <Filter Include="05. Animation">
      <UniqueIdentifier>{156e03d1-e1b1-4742-b0a4-c63d8fe52ec4}</UniqueIdentifier>
    </Filter>
    <Filter Include="06. Collision">
      <UniqueIdentifier>{fc8b6d87-9f39-4898-a96e-377e776ec827}</UniqueIdentifier>
    </Filter>
    <Filter Include="07. UI">
      <UniqueIdentifier>{2c420b65-d749-4e47-b7ed-db3cdb234211}</UniqueIdentifier>
    </Filter>
    <Filter Include="07. UI\01. Widget">
      <UniqueIdentifier>{a05d8f9f-2ae5-4481-8494-205e280ad750}</UniqueIdentifier>
    </Filter>
    <Filter Include="07. UI\02. Window">
      <UniqueIdentifier>{991344e4-9a2a-493f-8713-5833a5312fb2}</UniqueIdentifier>
    </Filter>
    <Filter Include="08. Map">
      <UniqueIdentifier>{3cf126ef-c7de-4882-821a-42fcb9d434ee}</UniqueIdentifier>
    </Filter>
    <Filter Include="04. Resource\03. Sound\01. FMOD">
      <UniqueIdentifier>{93165991-8cf8-4be4-b13a-19267a766ab4}</UniqueIdentifier>
    </Filter>
    <Filter Include="03. Object\02. Effect">
      <UniqueIdentifier>{4999b7c2-19d0-4e33-9089-c0274d6b6fd5}</UniqueIdentifier>
    </Filter>
    <Filter Include="03. Object\02. Effect\WillPase2">
      <UniqueIdentifier>{f21f7897-f18e-449b-bb97-d9388ef9ad9d}</UniqueIdentifier>
    </Filter>
  </ItemGroup>
  <ItemGroup>
    <ClInclude Include="resource.h">
      <Filter>헤더 파일</Filter>
    </ClInclude>
    <ClInclude Include="GameManager.h">
      <Filter>01. GameManager</Filter>
    </ClInclude>
    <ClInclude Include="Flag.h">
      <Filter>헤더 파일</Filter>
    </ClInclude>
    <ClInclude Include="GameInfo.h">
      <Filter>헤더 파일</Filter>
    </ClInclude>
    <ClInclude Include="Timer.h">
      <Filter>01. GameManager\01. Timer</Filter>
    </ClInclude>
    <ClInclude Include="SharedPtr.h">
      <Filter>01. GameManager\05. SharedPtr</Filter>
    </ClInclude>
    <ClInclude Include="Ref.h">
      <Filter>01. GameManager\02. Ref</Filter>
    </ClInclude>
    <ClInclude Include="PathManager.h">
      <Filter>01. GameManager\06. Path</Filter>
    </ClInclude>
    <ClInclude Include="Math.h">
      <Filter>01. GameManager\03. Math</Filter>
    </ClInclude>
    <ClInclude Include="Input.h">
      <Filter>01. GameManager\04. Input</Filter>
    </ClInclude>
    <ClInclude Include="Scene\Scene.h">
      <Filter>02. Scene</Filter>
    </ClInclude>
    <ClInclude Include="Scene\SceneManager.h">
      <Filter>02. Scene</Filter>
    </ClInclude>
    <ClInclude Include="Scene\StartScene.h">
      <Filter>02. Scene</Filter>
    </ClInclude>
    <ClInclude Include="Scene\Camera.h">
      <Filter>02. Scene\03. Camera</Filter>
    </ClInclude>
    <ClInclude Include="Scene\SceneCollision.h">
      <Filter>02. Scene\02. Collision</Filter>
    </ClInclude>
    <ClInclude Include="Scene\SceneResource.h">
      <Filter>02. Scene\01. Resource</Filter>
    </ClInclude>
    <ClInclude Include="Object\Player.h">
      <Filter>03. Object\01. Character</Filter>
    </ClInclude>
    <ClInclude Include="Object\Character.h">
      <Filter>03. Object\01. Character</Filter>
    </ClInclude>
    <ClInclude Include="Resource\ResourceManager.h">
      <Filter>04. Resource</Filter>
    </ClInclude>
    <ClInclude Include="Resource\Sound.h">
      <Filter>04. Resource\03. Sound</Filter>
    </ClInclude>
    <ClInclude Include="Resource\Font.h">
      <Filter>04. Resource\04. Font</Filter>
    </ClInclude>
    <ClInclude Include="Resource\AnimationSequence.h">
      <Filter>04. Resource\02. Animation</Filter>
    </ClInclude>
    <ClInclude Include="Resource\Texture.h">
      <Filter>04. Resource\01. Texture</Filter>
    </ClInclude>
    <ClInclude Include="Animation\Animation.h">
      <Filter>05. Animation</Filter>
    </ClInclude>
    <ClInclude Include="Animation\AnimationInfo.h">
      <Filter>05. Animation</Filter>
    </ClInclude>
    <ClInclude Include="Collision\Collider.h">
      <Filter>06. Collision</Filter>
    </ClInclude>
    <ClInclude Include="Collision\ColliderBox.h">
      <Filter>06. Collision</Filter>
    </ClInclude>
    <ClInclude Include="Collision\ColliderSphere.h">
      <Filter>06. Collision</Filter>
    </ClInclude>
    <ClInclude Include="Collision\Collision.h">
      <Filter>06. Collision</Filter>
    </ClInclude>
    <ClInclude Include="Collision\CollisionManager.h">
      <Filter>06. Collision</Filter>
    </ClInclude>
    <ClInclude Include="UI\UIWindow.h">
      <Filter>07. UI</Filter>
    </ClInclude>
    <ClInclude Include="UI\WidgetComponent.h">
      <Filter>07. UI</Filter>
    </ClInclude>
    <ClInclude Include="UI\Button.h">
      <Filter>07. UI\01. Widget</Filter>
    </ClInclude>
    <ClInclude Include="UI\MouseWidget.h">
      <Filter>07. UI\01. Widget</Filter>
    </ClInclude>
    <ClInclude Include="UI\NumberWidget.h">
      <Filter>07. UI\01. Widget</Filter>
    </ClInclude>
    <ClInclude Include="UI\ProgressBar.h">
      <Filter>07. UI\01. Widget</Filter>
    </ClInclude>
    <ClInclude Include="UI\UIImage.h">
      <Filter>07. UI\01. Widget</Filter>
    </ClInclude>
    <ClInclude Include="UI\UIWidget.h">
      <Filter>07. UI\01. Widget</Filter>
    </ClInclude>
    <ClInclude Include="UI\UICharacterStateHUD.h">
      <Filter>07. UI\02. Window</Filter>
    </ClInclude>
    <ClInclude Include="UI\UIMain.h">
      <Filter>07. UI\02. Window</Filter>
    </ClInclude>
    <ClInclude Include="UI\UIStart.h">
      <Filter>07. UI\02. Window</Filter>
    </ClInclude>
    <ClInclude Include="UI\UIText.h">
      <Filter>07. UI\01. Widget</Filter>
    </ClInclude>
    <ClInclude Include="Map\MapBase.h">
      <Filter>08. Map</Filter>
    </ClInclude>
    <ClInclude Include="Map\ScrollMap.h">
      <Filter>08. Map</Filter>
    </ClInclude>
    <ClInclude Include="Map\Tile.h">
      <Filter>08. Map</Filter>
    </ClInclude>
    <ClInclude Include="Map\TileMap.h">
      <Filter>08. Map</Filter>
    </ClInclude>
    <ClInclude Include="fmod.h">
      <Filter>04. Resource\03. Sound\01. FMOD</Filter>
    </ClInclude>
    <ClInclude Include="fmod.hpp">
      <Filter>04. Resource\03. Sound\01. FMOD</Filter>
    </ClInclude>
    <ClInclude Include="fmod_codec.h">
      <Filter>04. Resource\03. Sound\01. FMOD</Filter>
    </ClInclude>
    <ClInclude Include="fmod_common.h">
      <Filter>04. Resource\03. Sound\01. FMOD</Filter>
    </ClInclude>
    <ClInclude Include="fmod_dsp.h">
      <Filter>04. Resource\03. Sound\01. FMOD</Filter>
    </ClInclude>
    <ClInclude Include="fmod_dsp_effects.h">
      <Filter>04. Resource\03. Sound\01. FMOD</Filter>
    </ClInclude>
    <ClInclude Include="fmod_errors.h">
      <Filter>04. Resource\03. Sound\01. FMOD</Filter>
    </ClInclude>
    <ClInclude Include="fmod_output.h">
      <Filter>04. Resource\03. Sound\01. FMOD</Filter>
    </ClInclude>
    <ClInclude Include="Scene\EditorDlg.h">
      <Filter>02. Scene</Filter>
    </ClInclude>
    <ClInclude Include="Scene\EditorScene.h">
      <Filter>02. Scene</Filter>
    </ClInclude>
    <ClInclude Include="Scene\TutorialMap.h">
      <Filter>02. Scene</Filter>
    </ClInclude>
    <ClInclude Include="Object\PhantomBlow.h">
      <Filter>03. Object\02. Effect</Filter>
    </ClInclude>
    <ClInclude Include="Object\BladeFury.h">
      <Filter>03. Object\02. Effect</Filter>
    </ClInclude>
    <ClInclude Include="UI\UITutorial.h">
      <Filter>07. UI\02. Window</Filter>
    </ClInclude>
    <ClInclude Include="Object\ShadowBlade.h">
      <Filter>03. Object\01. Character</Filter>
    </ClInclude>
    <ClInclude Include="Object\Monster.h">
      <Filter>03. Object\01. Character</Filter>
    </ClInclude>
    <ClInclude Include="Object\DamageFont.h">
      <Filter>03. Object\02. Effect</Filter>
    </ClInclude>
    <ClInclude Include="Object\Potal.h">
      <Filter>03. Object</Filter>
    </ClInclude>
    <ClInclude Include="Scene\MainMap.h">
      <Filter>02. Scene</Filter>
    </ClInclude>
    <ClInclude Include="Object\GameObjectManager.h">
      <Filter>03. Object</Filter>
    </ClInclude>
    <ClInclude Include="Scene\BossWillPase2.h">
      <Filter>02. Scene</Filter>
    </ClInclude>
    <ClInclude Include="Object\WillPase2.h">
      <Filter>03. Object\01. Character</Filter>
    </ClInclude>
    <ClInclude Include="UI\UIBossWillPase2.h">
      <Filter>07. UI\02. Window</Filter>
    </ClInclude>
    <ClInclude Include="Object\Crack.h">
      <Filter>03. Object</Filter>
    </ClInclude>
    <ClInclude Include="UI\UINotice.h">
      <Filter>07. UI\02. Window</Filter>
    </ClInclude>
    <ClInclude Include="Object\EffectHit.h">
      <Filter>03. Object\02. Effect</Filter>
    </ClInclude>
    <ClInclude Include="Object\SpiderLeg.h">
      <Filter>03. Object</Filter>
    </ClInclude>
    <ClInclude Include="Scene\Stage1.h">
      <Filter>02. Scene</Filter>
    </ClInclude>
    <ClInclude Include="Object\AttackEffect4.h">
      <Filter>03. Object\02. Effect\WillPase2</Filter>
    </ClInclude>
    <ClInclude Include="Object\AttackEffect2.h">
      <Filter>03. Object\02. Effect\WillPase2</Filter>
    </ClInclude>
    <ClInclude Include="Object\AttackEffect1.h">
      <Filter>03. Object\02. Effect\WillPase2</Filter>
    </ClInclude>
    <ClInclude Include="Object\Aranea.h">
      <Filter>03. Object\01. Character</Filter>
    </ClInclude>
    <ClInclude Include="Object\Aranya.h">
      <Filter>03. Object\01. Character</Filter>
    </ClInclude>
    <ClInclude Include="UI\UIMonitorBreak.h">
      <Filter>07. UI\02. Window</Filter>
    </ClInclude>
    <ClInclude Include="Scene\EndScene.h">
      <Filter>02. Scene</Filter>
    </ClInclude>
    <ClInclude Include="UI\UIClear.h">
      <Filter>07. UI\02. Window</Filter>
    </ClInclude>
    <ClInclude Include="UI\UIStage.h">
      <Filter>07. UI\02. Window</Filter>
    </ClInclude>
    <ClInclude Include="Scene\LoadScene.h">
      <Filter>02. Scene</Filter>
    </ClInclude>
    <ClInclude Include="UI\UIDieNotice.h">
      <Filter>07. UI\02. Window</Filter>
    </ClInclude>
    <ClInclude Include="UI\UIDeathCount.h">
      <Filter>07. UI\02. Window</Filter>
    </ClInclude>
    <ClInclude Include="Object\GameObject.h">
      <Filter>03. Object</Filter>
    </ClInclude>
  </ItemGroup>
  <ItemGroup>
    <ResourceCompile Include="MapleStory_API.rc">
      <Filter>리소스 파일</Filter>
    </ResourceCompile>
  </ItemGroup>
  <ItemGroup>
    <Image Include="icon1.ico">
      <Filter>리소스 파일</Filter>
    </Image>
  </ItemGroup>
  <ItemGroup>
    <ClCompile Include="main.cpp">
      <Filter>소스 파일</Filter>
    </ClCompile>
    <ClCompile Include="GameManager.cpp">
      <Filter>01. GameManager</Filter>
    </ClCompile>
    <ClCompile Include="Timer.cpp">
      <Filter>01. GameManager\01. Timer</Filter>
    </ClCompile>
    <ClCompile Include="Ref.cpp">
      <Filter>01. GameManager\02. Ref</Filter>
    </ClCompile>
    <ClCompile Include="PathManager.cpp">
      <Filter>01. GameManager\06. Path</Filter>
    </ClCompile>
    <ClCompile Include="Math.cpp">
      <Filter>01. GameManager\03. Math</Filter>
    </ClCompile>
    <ClCompile Include="Input.cpp">
      <Filter>01. GameManager\04. Input</Filter>
    </ClCompile>
    <ClCompile Include="Scene\Scene.cpp">
      <Filter>02. Scene</Filter>
    </ClCompile>
    <ClCompile Include="Scene\SceneManager.cpp">
      <Filter>02. Scene</Filter>
    </ClCompile>
    <ClCompile Include="Scene\StartScene.cpp">
      <Filter>02. Scene</Filter>
    </ClCompile>
    <ClCompile Include="Scene\Camera.cpp">
      <Filter>02. Scene\03. Camera</Filter>
    </ClCompile>
    <ClCompile Include="Scene\SceneCollision.cpp">
      <Filter>02. Scene\02. Collision</Filter>
    </ClCompile>
    <ClCompile Include="Scene\SceneResource.cpp">
      <Filter>02. Scene\01. Resource</Filter>
    </ClCompile>
    <ClCompile Include="Object\Player.cpp">
      <Filter>03. Object\01. Character</Filter>
    </ClCompile>
    <ClCompile Include="Object\Character.cpp">
      <Filter>03. Object\01. Character</Filter>
    </ClCompile>
    <ClCompile Include="Resource\ResourceManager.cpp">
      <Filter>04. Resource</Filter>
    </ClCompile>
    <ClCompile Include="Resource\Sound.cpp">
      <Filter>04. Resource\03. Sound</Filter>
    </ClCompile>
    <ClCompile Include="Resource\Font.cpp">
      <Filter>04. Resource\04. Font</Filter>
    </ClCompile>
    <ClCompile Include="Resource\AnimationSequence.cpp">
      <Filter>04. Resource\02. Animation</Filter>
    </ClCompile>
    <ClCompile Include="Resource\Texture.cpp">
      <Filter>04. Resource\01. Texture</Filter>
    </ClCompile>
    <ClCompile Include="Animation\Animation.cpp">
      <Filter>05. Animation</Filter>
    </ClCompile>
    <ClCompile Include="Collision\Collider.cpp">
      <Filter>06. Collision</Filter>
    </ClCompile>
    <ClCompile Include="Collision\ColliderBox.cpp">
      <Filter>06. Collision</Filter>
    </ClCompile>
    <ClCompile Include="Collision\ColliderSphere.cpp">
      <Filter>06. Collision</Filter>
    </ClCompile>
    <ClCompile Include="Collision\Collision.cpp">
      <Filter>06. Collision</Filter>
    </ClCompile>
    <ClCompile Include="Collision\CollisionManager.cpp">
      <Filter>06. Collision</Filter>
    </ClCompile>
    <ClCompile Include="UI\UIWindow.cpp">
      <Filter>07. UI</Filter>
    </ClCompile>
    <ClCompile Include="UI\WidgetComponent.cpp">
      <Filter>07. UI</Filter>
    </ClCompile>
    <ClCompile Include="UI\Button.cpp">
      <Filter>07. UI\01. Widget</Filter>
    </ClCompile>
    <ClCompile Include="UI\MouseWidget.cpp">
      <Filter>07. UI\01. Widget</Filter>
    </ClCompile>
    <ClCompile Include="UI\NumberWidget.cpp">
      <Filter>07. UI\01. Widget</Filter>
    </ClCompile>
    <ClCompile Include="UI\ProgressBar.cpp">
      <Filter>07. UI\01. Widget</Filter>
    </ClCompile>
    <ClCompile Include="UI\UIImage.cpp">
      <Filter>07. UI\01. Widget</Filter>
    </ClCompile>
    <ClCompile Include="UI\UIWidget.cpp">
      <Filter>07. UI\01. Widget</Filter>
    </ClCompile>
    <ClCompile Include="UI\UICharacterStateHUD.cpp">
      <Filter>07. UI\02. Window</Filter>
    </ClCompile>
    <ClCompile Include="UI\UIMain.cpp">
      <Filter>07. UI\02. Window</Filter>
    </ClCompile>
    <ClCompile Include="UI\UIStart.cpp">
      <Filter>07. UI\02. Window</Filter>
    </ClCompile>
    <ClCompile Include="UI\UIText.cpp">
      <Filter>07. UI\01. Widget</Filter>
    </ClCompile>
    <ClCompile Include="Map\MapBase.cpp">
      <Filter>08. Map</Filter>
    </ClCompile>
    <ClCompile Include="Map\ScrollMap.cpp">
      <Filter>08. Map</Filter>
    </ClCompile>
    <ClCompile Include="Map\Tile.cpp">
      <Filter>08. Map</Filter>
    </ClCompile>
    <ClCompile Include="Map\TileMap.cpp">
      <Filter>08. Map</Filter>
    </ClCompile>
    <ClCompile Include="Scene\EditorDlg.cpp">
      <Filter>02. Scene</Filter>
    </ClCompile>
    <ClCompile Include="Scene\EditorScene.cpp">
      <Filter>02. Scene</Filter>
    </ClCompile>
    <ClCompile Include="Scene\TutorialMap.cpp">
      <Filter>02. Scene</Filter>
    </ClCompile>
    <ClCompile Include="Object\PhantomBlow.cpp">
      <Filter>03. Object\02. Effect</Filter>
    </ClCompile>
    <ClCompile Include="Object\BladeFury.cpp">
      <Filter>03. Object\02. Effect</Filter>
    </ClCompile>
    <ClCompile Include="UI\UITutorial.cpp">
      <Filter>07. UI\02. Window</Filter>
    </ClCompile>
    <ClCompile Include="Object\ShadowBlade.cpp">
      <Filter>03. Object\01. Character</Filter>
    </ClCompile>
    <ClCompile Include="Object\Monster.cpp">
      <Filter>03. Object\01. Character</Filter>
    </ClCompile>
    <ClCompile Include="Object\DamageFont.cpp">
      <Filter>03. Object\02. Effect</Filter>
    </ClCompile>
    <ClCompile Include="Object\Potal.cpp">
      <Filter>03. Object</Filter>
    </ClCompile>
    <ClCompile Include="Scene\MainMap.cpp">
      <Filter>02. Scene</Filter>
    </ClCompile>
    <ClCompile Include="Object\GameObjectManager.cpp">
      <Filter>03. Object</Filter>
    </ClCompile>
    <ClCompile Include="Scene\BossWillPase2.cpp">
      <Filter>02. Scene</Filter>
    </ClCompile>
    <ClCompile Include="UI\UIBossWillPase2.cpp">
      <Filter>07. UI\02. Window</Filter>
    </ClCompile>
    <ClCompile Include="UI\UINotice.cpp">
      <Filter>07. UI\02. Window</Filter>
    </ClCompile>
    <ClCompile Include="Object\EffectHit.cpp">
      <Filter>03. Object\02. Effect</Filter>
    </ClCompile>
    <ClCompile Include="Object\SpiderLeg.cpp">
      <Filter>03. Object</Filter>
    </ClCompile>
    <ClCompile Include="Scene\Stage1.cpp">
      <Filter>02. Scene</Filter>
    </ClCompile>
    <ClCompile Include="Object\Crack.cpp">
      <Filter>03. Object</Filter>
    </ClCompile>
    <ClCompile Include="Object\AttackEffect4.cpp">
      <Filter>03. Object\02. Effect\WillPase2</Filter>
    </ClCompile>
    <ClCompile Include="Object\AttackEffect2.cpp">
      <Filter>03. Object\02. Effect\WillPase2</Filter>
    </ClCompile>
    <ClCompile Include="Object\AttackEffect1.cpp">
      <Filter>03. Object\02. Effect\WillPase2</Filter>
    </ClCompile>
    <ClCompile Include="Object\Aranea.cpp">
      <Filter>03. Object\01. Character</Filter>
    </ClCompile>
    <ClCompile Include="Object\Aranya.cpp">
      <Filter>03. Object\01. Character</Filter>
    </ClCompile>
    <ClCompile Include="UI\UIMonitorBreak.cpp">
      <Filter>07. UI\02. Window</Filter>
    </ClCompile>
    <ClCompile Include="Scene\EndScene.cpp">
      <Filter>02. Scene</Filter>
    </ClCompile>
    <ClCompile Include="UI\UIClear.cpp">
      <Filter>07. UI\02. Window</Filter>
    </ClCompile>
    <ClCompile Include="UI\UIStage.cpp">
      <Filter>07. UI\02. Window</Filter>
    </ClCompile>
    <ClCompile Include="Scene\LoadScene.cpp">
      <Filter>02. Scene</Filter>
    </ClCompile>
    <ClCompile Include="UI\UIDieNotice.cpp">
      <Filter>07. UI\02. Window</Filter>
    </ClCompile>
    <ClCompile Include="UI\UIDeathCount.cpp">
      <Filter>07. UI\02. Window</Filter>
    </ClCompile>
    <ClCompile Include="Object\GameObject.cpp">
      <Filter>03. Object</Filter>
    </ClCompile>
    <ClCompile Include="Object\WillPase2.cpp">
      <Filter>03. Object\01. Character</Filter>
    </ClCompile>
  </ItemGroup>
  <ItemGroup>
    <None Include="fmod.cs">
      <Filter>04. Resource\03. Sound\01. FMOD</Filter>
    </None>
    <None Include="fmod_dsp.cs">
      <Filter>04. Resource\03. Sound\01. FMOD</Filter>
    </None>
    <None Include="fmod_errors.cs">
      <Filter>04. Resource\03. Sound\01. FMOD</Filter>
    </None>
    <None Include="ClassDiagram.cd" />
  </ItemGroup>
</Project>